{
  "nodes": {
    "flake-parts": {
      "inputs": {
        "nixpkgs-lib": "nixpkgs-lib"
      },
      "locked": {
        "lastModified": 1736143030,
        "narHash": "sha256-+hu54pAoLDEZT9pjHlqL9DNzWz0NbUn8NEAHP7PQPzU=",
        "owner": "hercules-ci",
        "repo": "flake-parts",
        "rev": "b905f6fc23a9051a6e1b741e1438dbfc0634c6de",
        "type": "github"
      },
      "original": {
        "owner": "hercules-ci",
        "repo": "flake-parts",
        "type": "github"
      }
    },
    "nixpkgs": {
      "locked": {
        "lastModified": 1737062831,
        "narHash": "sha256-Tbk1MZbtV2s5aG+iM99U8FqwxU/YNArMcWAv6clcsBc=",
        "owner": "NixOS",
        "repo": "nixpkgs",
        "rev": "5df43628fdf08d642be8ba5b3625a6c70731c19c",
        "type": "github"
      },
      "original": {
        "owner": "NixOS",
        "ref": "nixos-unstable",
        "repo": "nixpkgs",
        "type": "github"
      }
    },
    "nixpkgs-fish": {
      "locked": {
        "lastModified": 1736947654,
        "narHash": "sha256-2Jx6NvgVC1fvY4ekGhQ0qzYA1SqdT6NMcvdPVdSe30A=",
        "owner": "NixOS",
        "repo": "nixpkgs",
        "rev": "420cc2d8908888261583a524419e4d1eeb35b79a",
        "type": "github"
      },
      "original": {
        "owner": "NixOS",
        "ref": "fish",
        "repo": "nixpkgs",
        "type": "github"
      }
    },
    "nixpkgs-lib": {
      "locked": {
        "lastModified": 1735774519,
        "narHash": "sha256-CewEm1o2eVAnoqb6Ml+Qi9Gg/EfNAxbRx1lANGVyoLI=",
        "type": "tarball",
        "url": "https://github.com/NixOS/nixpkgs/archive/e9b51731911566bbf7e4895475a87fe06961de0b.tar.gz"
      },
      "original": {
        "type": "tarball",
        "url": "https://github.com/NixOS/nixpkgs/archive/e9b51731911566bbf7e4895475a87fe06961de0b.tar.gz"
      }
    },
    "patches-umu-369259": {
      "flake": false,
      "locked": {
        "narHash": "sha256-DIR7MhIVghEdqZGf/f6aTJqka4N8CxIeGIiUaIHMNlk=",
        "type": "file",
        "url": "https://patch-diff.githubusercontent.com/raw/NixOS/nixpkgs/pull/369259.patch"
      },
      "original": {
        "type": "file",
        "url": "https://patch-diff.githubusercontent.com/raw/NixOS/nixpkgs/pull/369259.patch"
      }
    },
    "pkgs-by-name-for-flake-parts": {
      "locked": {
        "lastModified": 1727519927,
        "narHash": "sha256-3SNX6BuaisoX9PKYI+fh3geZ3jBgKKkAtHcWuHRU0+o=",
        "owner": "drupol",
        "repo": "pkgs-by-name-for-flake-parts",
        "rev": "91debb07d81ff25b8e3b48914b6abd6f11dc26e2",
        "type": "github"
      },
      "original": {
        "owner": "drupol",
        "repo": "pkgs-by-name-for-flake-parts",
        "type": "github"
      }
    },
    "root": {
      "inputs": {
        "flake-parts": "flake-parts",
        "nixpkgs": "nixpkgs",
        "nixpkgs-fish": "nixpkgs-fish",
        "patches-umu-369259": "patches-umu-369259",
        "pkgs-by-name-for-flake-parts": "pkgs-by-name-for-flake-parts"
      }
    }
  },
  "root": "root",
  "version": 7
}
